
Microsoft Visual Studio Solution File, Format Version 12.00
# Visual Studio 15
VisualStudioVersion = 15.0.28307.1000
MinimumVisualStudioVersion = 10.0.40219.1
Project("{FAE04EC0-301F-11D3-BF4B-00C04F79EFBC}") = "My Friend Pedro Classic", "My Friend Pedro Classic\My Friend Pedro Classic.csproj", "{44E36F51-C687-4F33-B972-56F8335CF347}"
EndProject
Project("{2150E333-8FDC-42A3-9474-1A3956D46DE8}") = "Solution Items", "Solution Items", "{FFADB951-8908-40F8-8E80-9489017EA516}"
	ProjectSection(SolutionItems) = preProject
		EnemyScript.cs = EnemyScript.cs
		InputHelperScript.cs = InputHelperScript.cs
		LevelCompleteScreenScript.cs = LevelCompleteScreenScript.cs
		OptionsMenuScript.cs = OptionsMenuScript.cs
		PlayerAnimationScripts.cs = PlayerAnimationScripts.cs
		PlayerScript.cs = PlayerScript.cs
		PlayerScript_bk.cs = PlayerScript_bk.cs
		RootSharedScript.cs = RootSharedScript.cs
		VoiceControllerScript.cs = VoiceControllerScript.cs
		WeaponPickupScript.cs = WeaponPickupScript.cs
	EndProjectSection
EndProject
Global
	GlobalSection(SolutionConfigurationPlatforms) = preSolution
		Debug|Any CPU = Debug|Any CPU
		Release|Any CPU = Release|Any CPU
	EndGlobalSection
	GlobalSection(ProjectConfigurationPlatforms) = postSolution
		{44E36F51-C687-4F33-B972-56F8335CF347}.Debug|Any CPU.ActiveCfg = Debug|Any CPU
		{44E36F51-C687-4F33-B972-56F8335CF347}.Debug|Any CPU.Build.0 = Debug|Any CPU
		{44E36F51-C687-4F33-B972-56F8335CF347}.Release|Any CPU.ActiveCfg = Release|Any CPU
		{44E36F51-C687-4F33-B972-56F8335CF347}.Release|Any CPU.Build.0 = Release|Any CPU
	EndGlobalSection
	GlobalSection(SolutionProperties) = preSolution
		HideSolutionNode = FALSE
	EndGlobalSection
	GlobalSection(ExtensibilityGlobals) = postSolution
		SolutionGuid = {0F1D2824-FF85-4D48-8C18-C8908D28B374}
	EndGlobalSection
EndGlobal
